PODS:
  - Alamofire (4.7.1)
  - GRDB.swift (3.2.0)
  - Hue (3.0.1)
  - iOSSnapshotTestCase (3.0.0):
    - iOSSnapshotTestCase/SwiftSupport (= 3.0.0)
  - iOSSnapshotTestCase/Core (3.0.0)
  - iOSSnapshotTestCase/SwiftSupport (3.0.0):
    - iOSSnapshotTestCase/Core
  - MaterialComponents/ActivityIndicator (57.0.0):
    - MaterialComponents/Palettes
    - MaterialComponents/private/Application
    - MDFInternationalization
    - MotionAnimator (~> 2.0)
  - "MaterialComponents/ActivityIndicator+ColorThemer (57.0.0)":
    - MaterialComponents/ActivityIndicator
    - MaterialComponents/schemes/Color
  - MaterialComponents/AnimationTiming (57.0.0)
  - MaterialComponents/AppBar (57.0.0):
    - MaterialComponents/FlexibleHeader
    - MaterialComponents/HeaderStackView
    - MaterialComponents/NavigationBar
    - MaterialComponents/private/Application
    - MaterialComponents/private/Icons/ic_arrow_back
    - MaterialComponents/private/UIMetrics
    - MaterialComponents/ShadowElevations
    - MaterialComponents/ShadowLayer
    - MaterialComponents/Typography
    - MDFInternationalization
  - "MaterialComponents/AppBar+ColorThemer (57.0.0)":
    - MaterialComponents/AppBar
    - "MaterialComponents/FlexibleHeader+ColorThemer"
    - "MaterialComponents/NavigationBar+ColorThemer"
    - MaterialComponents/Themes
  - MaterialComponents/ButtonBar (57.0.0):
    - MaterialComponents/Buttons
    - MDFInternationalization
  - MaterialComponents/Buttons (57.0.0):
    - MaterialComponents/Ink
    - MaterialComponents/private/Math
    - MaterialComponents/private/Shapes
    - MaterialComponents/ShadowElevations
    - MaterialComponents/ShadowLayer
    - MaterialComponents/Typography
    - MDFInternationalization
    - MDFTextAccessibility
  - "MaterialComponents/Buttons+ColorThemer (57.0.0)":
    - MaterialComponents/Buttons
    - MaterialComponents/schemes/Color
  - MaterialComponents/CollectionCells (57.0.0):
    - MaterialComponents/CollectionLayoutAttributes
    - MaterialComponents/Ink
    - MaterialComponents/Palettes
    - MaterialComponents/private/Icons/ic_check
    - MaterialComponents/private/Icons/ic_check_circle
    - MaterialComponents/private/Icons/ic_chevron_right
    - MaterialComponents/private/Icons/ic_info
    - MaterialComponents/private/Icons/ic_radio_button_unchecked
    - MaterialComponents/private/Icons/ic_reorder
    - MaterialComponents/private/Math
    - MaterialComponents/Typography
    - MDFInternationalization
  - MaterialComponents/CollectionLayoutAttributes (57.0.0)
  - MaterialComponents/Collections (57.0.0):
    - MaterialComponents/CollectionCells
    - MaterialComponents/CollectionLayoutAttributes
    - MaterialComponents/Ink
    - MaterialComponents/Palettes
    - MaterialComponents/ShadowElevations
    - MaterialComponents/ShadowLayer
    - MaterialComponents/Typography
  - MaterialComponents/FlexibleHeader (57.0.0):
    - MaterialComponents/private/Application
    - MaterialComponents/private/UIMetrics
    - MDFTextAccessibility
  - "MaterialComponents/FlexibleHeader+ColorThemer (57.0.0)":
    - MaterialComponents/FlexibleHeader
    - MaterialComponents/schemes/Color
  - MaterialComponents/HeaderStackView (57.0.0)
  - MaterialComponents/Ink (57.0.0):
    - MaterialComponents/private/Math
  - MaterialComponents/NavigationBar (57.0.0):
    - MaterialComponents/ButtonBar
    - MaterialComponents/private/Math
    - MaterialComponents/Typography
    - MDFInternationalization
    - MDFTextAccessibility
  - "MaterialComponents/NavigationBar+ColorThemer (57.0.0)":
    - MaterialComponents/NavigationBar
    - MaterialComponents/schemes/Color
  - MaterialComponents/Palettes (57.0.0)
  - MaterialComponents/private/Application (57.0.0)
  - MaterialComponents/private/Icons/Base (57.0.0)
  - MaterialComponents/private/Icons/ic_arrow_back (57.0.0):
    - MaterialComponents/private/Icons/Base
  - MaterialComponents/private/Icons/ic_check (57.0.0):
    - MaterialComponents/private/Icons/Base
  - MaterialComponents/private/Icons/ic_check_circle (57.0.0):
    - MaterialComponents/private/Icons/Base
  - MaterialComponents/private/Icons/ic_chevron_right (57.0.0):
    - MaterialComponents/private/Icons/Base
  - MaterialComponents/private/Icons/ic_info (57.0.0):
    - MaterialComponents/private/Icons/Base
  - MaterialComponents/private/Icons/ic_radio_button_unchecked (57.0.0):
    - MaterialComponents/private/Icons/Base
  - MaterialComponents/private/Icons/ic_reorder (57.0.0):
    - MaterialComponents/private/Icons/Base
  - MaterialComponents/private/Math (57.0.0)
  - MaterialComponents/private/Shapes (57.0.0):
    - MaterialComponents/private/Math
    - MaterialComponents/ShadowLayer
  - MaterialComponents/private/UIMetrics (57.0.0):
    - MaterialComponents/private/Application
  - MaterialComponents/schemes/Color (57.0.0)
  - MaterialComponents/schemes/Typography (57.0.0)
  - MaterialComponents/ShadowElevations (57.0.0)
  - MaterialComponents/ShadowLayer (57.0.0):
    - MaterialComponents/ShadowElevations
  - MaterialComponents/TextFields (57.0.0):
    - MaterialComponents/AnimationTiming
    - MaterialComponents/Palettes
    - MaterialComponents/private/Math
    - MaterialComponents/Typography
    - MDFInternationalization
  - "MaterialComponents/TextFields+ColorThemer (57.0.0)":
    - MaterialComponents/TextFields
    - MaterialComponents/Themes
  - MaterialComponents/Themes (57.0.0):
    - MaterialComponents/schemes/Color
    - MaterialComponents/schemes/Typography
  - MaterialComponents/Typography (57.0.0):
    - MaterialComponents/private/Application
    - MaterialComponents/private/Math
  - MaterialDesignSymbol (2.2.2)
  - MDFInternationalization (1.0.4)
  - MDFTextAccessibility (1.2.0)
  - MotionAnimator (2.8.1):
    - MotionInterchange (~> 1.6)
  - MotionInterchange (1.6.0)
  - Moya (11.0.2):
    - Moya/Core (= 11.0.2)
  - Moya/Core (11.0.2):
    - Alamofire (~> 4.1)
    - Result (~> 3.0)
  - Moya/RxSwift (11.0.2):
    - Moya/Core
    - RxSwift (~> 4.0)
  - Nimble (7.1.3)
  - Nimble-Snapshots (6.7.1):
    - Nimble-Snapshots/Core (= 6.7.1)
  - Nimble-Snapshots/Core (6.7.1):
    - iOSSnapshotTestCase (~> 3.0)
    - Nimble (~> 7.0)
  - OHHTTPStubs/Core (6.1.0)
  - OHHTTPStubs/Default (6.1.0):
    - OHHTTPStubs/Core
    - OHHTTPStubs/JSON
    - OHHTTPStubs/NSURLSession
    - OHHTTPStubs/OHPathHelpers
  - OHHTTPStubs/JSON (6.1.0):
    - OHHTTPStubs/Core
  - OHHTTPStubs/NSURLSession (6.1.0):
    - OHHTTPStubs/Core
  - OHHTTPStubs/OHPathHelpers (6.1.0)
  - OHHTTPStubs/Swift (6.1.0):
    - OHHTTPStubs/Default
  - Quick (1.3.1)
  - Result (3.2.4)
  - Reusable (4.0.2):
    - Reusable/Storyboard (= 4.0.2)
    - Reusable/View (= 4.0.2)
  - Reusable/Storyboard (4.0.2)
  - Reusable/View (4.0.2)
  - RxBlocking (4.2.0):
    - RxSwift (~> 4.0)
  - RxCocoa (4.2.0):
    - RxSwift (~> 4.0)
  - RxGRDB (0.11.0):
    - RxGRDB/default (= 0.11.0)
    - RxSwift (~> 4.0)
  - RxGRDB/default (0.11.0):
    - GRDB.swift (~> 3.0)
    - RxSwift (~> 4.0)
  - RxSwift (4.2.0)
  - SwiftLint (0.25.1)
  - Swinject (2.4.1)
  - URLPatterns (0.2.0)

DEPENDENCIES:
  - Hue (= 3.0.1)
  - MaterialComponents/ActivityIndicator (= 57.0.0)
  - "MaterialComponents/ActivityIndicator+ColorThemer (= 57.0.0)"
  - MaterialComponents/AppBar (= 57.0.0)
  - "MaterialComponents/AppBar+ColorThemer (= 57.0.0)"
  - MaterialComponents/Buttons (= 57.0.0)
  - "MaterialComponents/Buttons+ColorThemer (= 57.0.0)"
  - MaterialComponents/Collections (= 57.0.0)
  - MaterialComponents/TextFields (= 57.0.0)
  - "MaterialComponents/TextFields+ColorThemer (= 57.0.0)"
  - MaterialComponents/Themes (= 57.0.0)
  - MaterialDesignSymbol (= 2.2.2)
  - Moya (= 11.0.2)
  - Moya/RxSwift (= 11.0.2)
  - Nimble (= 7.1.3)
  - Nimble-Snapshots (= 6.7.1)
  - OHHTTPStubs/Swift (= 6.1.0)
  - Quick (= 1.3.1)
  - Reusable (= 4.0.2)
  - RxBlocking (= 4.2.0)
  - RxCocoa (= 4.2.0)
  - RxGRDB (= 0.11.0)
  - RxSwift (= 4.2.0)
  - SwiftLint (= 0.25.1)
  - Swinject (= 2.4.1)
  - URLPatterns (= 0.2.0)

SPEC REPOS:
  https://github.com/cocoapods/specs.git:
    - Alamofire
    - GRDB.swift
    - Hue
    - iOSSnapshotTestCase
    - MaterialComponents
    - MaterialDesignSymbol
    - MDFInternationalization
    - MDFTextAccessibility
    - MotionAnimator
    - MotionInterchange
    - Moya
    - Nimble
    - Nimble-Snapshots
    - OHHTTPStubs
    - Quick
    - Result
    - Reusable
    - RxBlocking
    - RxCocoa
    - RxGRDB
    - RxSwift
    - SwiftLint
    - Swinject
    - URLPatterns

SPEC CHECKSUMS:
  Alamofire: 68d7d521118d49c615a8d2214d87cdf525599d30
  GRDB.swift: c5bb04b25a9931fec937920e913787e45f96124f
  Hue: 93e852fa6211ab35922ad8c293f51c43d6c79eb2
  iOSSnapshotTestCase: 23984ffe05289728d646cbb6a7a10b4fb1c93440
  MaterialComponents: 0dfd3bf21642f205ecd59d633a4492e14571e53f
  MaterialDesignSymbol: 3cfa8b62d37e498f99ce45208453cfd962f3a156
  MDFInternationalization: e355b0cebecf53d60233bd267084e49366c82513
  MDFTextAccessibility: 94098925e0853551c5a311ce7c1ecefbe297cdb6
  MotionAnimator: ee16aa30567c5bae0fb2750c132915829cfaaf8a
  MotionInterchange: ead0e3ae1f3a5fb539e289debbc7ae036160a10d
  Moya: a725035953bc1c0eb1be505ab903984501d82440
  Nimble: 2839b01d1b31f6a6a7777a221f0d91cf52e8e27b
  Nimble-Snapshots: 7ab1d5fd4a794b983805c6f6b8091fb00d772754
  OHHTTPStubs: 1e21c7d2c084b8153fc53d48400d8919d2d432d0
  Quick: d17304d58d0d169dd0bd1c6e5c28e3318de32a1a
  Result: d2d07204ce72856f1fd9130bbe42c35a7b0fea10
  Reusable: 584a5629747c52e0f6a77841b400dc2643f6fa0f
  RxBlocking: e339d8a6e752e25ade95ff858466c55436668f59
  RxCocoa: 0b54909c902e1e581212a03e690bbd94032d8baa
  RxGRDB: 30c245cb1ff2d9ca52fe9326cb01757e97ce3202
  RxSwift: 99e10317ddfcc7fbe01356aafd118fde4a0be104
  SwiftLint: ce933681be10c3266e82576dad676fa815a602e9
  Swinject: f7f15a9672e99328c1f07f277091087917215700
  URLPatterns: c0ada8af2e6ee6aa3c5a0dc3f6f9c13144cdb635

PODFILE CHECKSUM: 43efd1ea1eef299c694bfe2ad52e3aef9a24a655

COCOAPODS: 1.5.3
