// !$*UTF8*$!
{
	archiveVersion = 1;
	classes = {
	};
	objectVersion = 48;
	objects = {

/* Begin PBXBuildFile section */
		5F10A4392067E9F800DB051E /* TodoListViewControllerSpec.swift in Sources */ = {isa = PBXBuildFile; fileRef = 5F10A4382067E9F800DB051E /* TodoListViewControllerSpec.swift */; };
		5F10A43B2068318C00DB051E /* Device.swift in Sources */ = {isa = PBXBuildFile; fileRef = 5F10A43A2068318C00DB051E /* Device.swift */; };
		5F10A43D2068F56600DB051E /* JSONs.swift in Sources */ = {isa = PBXBuildFile; fileRef = 5F10A43C2068F56600DB051E /* JSONs.swift */; };
		5F180E522070A8380090B21D /* RouterSpec.swift in Sources */ = {isa = PBXBuildFile; fileRef = 5F180E512070A8380090B21D /* RouterSpec.swift */; };
		5F3645692062DEA400E69793 /* AppDelegate.swift in Sources */ = {isa = PBXBuildFile; fileRef = 5F3645682062DEA400E69793 /* AppDelegate.swift */; };
		5F3645702062DEA400E69793 /* Assets.xcassets in Resources */ = {isa = PBXBuildFile; fileRef = 5F36456F2062DEA400E69793 /* Assets.xcassets */; };
		5F3645732062DEA400E69793 /* LaunchScreen.storyboard in Resources */ = {isa = PBXBuildFile; fileRef = 5F3645712062DEA400E69793 /* LaunchScreen.storyboard */; };
		5F3A09A22076325000C50906 /* ActivityIndicatorViewController.swift in Sources */ = {isa = PBXBuildFile; fileRef = 5F3A09A12076325000C50906 /* ActivityIndicatorViewController.swift */; };
		5F3A09A52076CE2200C50906 /* TodoItemViewControllerSpec.swift in Sources */ = {isa = PBXBuildFile; fileRef = 5F3A09A42076CE2200C50906 /* TodoItemViewControllerSpec.swift */; };
		5F4D1B0620690FDA00375DE3 /* Sync.swift in Sources */ = {isa = PBXBuildFile; fileRef = 5F4D1B0520690FDA00375DE3 /* Sync.swift */; };
		5F7D3B0B206379FC00771B33 /* TodoListCellView.swift in Sources */ = {isa = PBXBuildFile; fileRef = 5F7D3B0A206379FC00771B33 /* TodoListCellView.swift */; };
		5F7D3B0D20637A2900771B33 /* TodoListCellView.xib in Resources */ = {isa = PBXBuildFile; fileRef = 5F7D3B0C20637A2900771B33 /* TodoListCellView.xib */; };
		5F7D3B0F20637DBB00771B33 /* Icons.swift in Sources */ = {isa = PBXBuildFile; fileRef = 5F7D3B0E20637DBB00771B33 /* Icons.swift */; };
		5FAAF2672062FA3B007EE5D7 /* Theme.swift in Sources */ = {isa = PBXBuildFile; fileRef = 5FAAF2662062FA3B007EE5D7 /* Theme.swift */; };
		5FAAF26A2062FBE7007EE5D7 /* TodoListViewController.storyboard in Resources */ = {isa = PBXBuildFile; fileRef = 5FAAF2692062FBE7007EE5D7 /* TodoListViewController.storyboard */; };
		5FAAF26C2062FC2E007EE5D7 /* TodoListViewController.swift in Sources */ = {isa = PBXBuildFile; fileRef = 5FAAF26B2062FC2E007EE5D7 /* TodoListViewController.swift */; };
		5FAAF26E20630E85007EE5D7 /* TodoListTitleView.xib in Resources */ = {isa = PBXBuildFile; fileRef = 5FAAF26D20630E85007EE5D7 /* TodoListTitleView.xib */; };
		5FAAF27020630ED2007EE5D7 /* TodoListTitleView.swift in Sources */ = {isa = PBXBuildFile; fileRef = 5FAAF26F20630ED2007EE5D7 /* TodoListTitleView.swift */; };
		5FAB56542070128F005A3D23 /* Router.swift in Sources */ = {isa = PBXBuildFile; fileRef = 5FAB56532070128F005A3D23 /* Router.swift */; };
		5FB6E8022064566B00406388 /* TodoRepository.swift in Sources */ = {isa = PBXBuildFile; fileRef = 5FB6E8012064566B00406388 /* TodoRepository.swift */; };
		5FB6E8052064E8A200406388 /* Injector.swift in Sources */ = {isa = PBXBuildFile; fileRef = 5FB6E8042064E8A200406388 /* Injector.swift */; };
		5FB6E8082064EAE400406388 /* TodoRepositorySpec.swift in Sources */ = {isa = PBXBuildFile; fileRef = 5FB6E8072064EAE400406388 /* TodoRepositorySpec.swift */; };
		5FB6E80A2064ED0400406388 /* DBMigrationService.swift in Sources */ = {isa = PBXBuildFile; fileRef = 5FB6E8092064ED0400406388 /* DBMigrationService.swift */; };
		5FB6E80C2064F00700406388 /* main.swift in Sources */ = {isa = PBXBuildFile; fileRef = 5FB6E80B2064F00700406388 /* main.swift */; };
		5FB6E80E2064F02A00406388 /* TestAppDelegate.swift in Sources */ = {isa = PBXBuildFile; fileRef = 5FB6E80D2064F02A00406388 /* TestAppDelegate.swift */; };
		5FB6E8102064F0A700406388 /* jsonplaceholder-todos-success.json in Resources */ = {isa = PBXBuildFile; fileRef = 5FB6E80F2064F0A700406388 /* jsonplaceholder-todos-success.json */; };
		5FB6E8142066DC6B00406388 /* DBFactory.swift in Sources */ = {isa = PBXBuildFile; fileRef = 5FB6E8132066DC6B00406388 /* DBFactory.swift */; };
		5FB6E8162066E32200406388 /* TodoListViewModel.swift in Sources */ = {isa = PBXBuildFile; fileRef = 5FB6E8152066E32200406388 /* TodoListViewModel.swift */; };
		5FBFC4DC2064090800FDC35D /* JsonPlaceHolderAPI.swift in Sources */ = {isa = PBXBuildFile; fileRef = 5FBFC4DB2064090800FDC35D /* JsonPlaceHolderAPI.swift */; };
		5FBFC4DE206409D400FDC35D /* TodoNetworkService.swift in Sources */ = {isa = PBXBuildFile; fileRef = 5FBFC4DD206409D400FDC35D /* TodoNetworkService.swift */; };
		5FBFC4E1206409E900FDC35D /* Todo.swift in Sources */ = {isa = PBXBuildFile; fileRef = 5FBFC4E0206409E900FDC35D /* Todo.swift */; };
		5FBFC4E320642B5E00FDC35D /* TodoStorageService.swift in Sources */ = {isa = PBXBuildFile; fileRef = 5FBFC4E220642B5E00FDC35D /* TodoStorageService.swift */; };
		5FCCB4B920698C3C00719062 /* TodoItemViewController.storyboard in Resources */ = {isa = PBXBuildFile; fileRef = 5FCCB4B820698C3C00719062 /* TodoItemViewController.storyboard */; };
		5FCCB4BB206994E100719062 /* TodoItemViewController.swift in Sources */ = {isa = PBXBuildFile; fileRef = 5FCCB4BA206994E100719062 /* TodoItemViewController.swift */; };
		5FCCB4BD206A082000719062 /* Storyboards.swift in Sources */ = {isa = PBXBuildFile; fileRef = 5FCCB4BC206A082000719062 /* Storyboards.swift */; };
		5FCCB4BF206A099A00719062 /* TodoItemViewModel.swift in Sources */ = {isa = PBXBuildFile; fileRef = 5FCCB4BE206A099A00719062 /* TodoItemViewModel.swift */; };
		5FF0F9BE2071FF5F00E2B8F3 /* jsonplaceholder-get-success.json in Resources */ = {isa = PBXBuildFile; fileRef = 5FF0F9BD2071FF5F00E2B8F3 /* jsonplaceholder-get-success.json */; };
		88A62A7B9D80260A796C83BD /* Pods_YATodoTests.framework in Frameworks */ = {isa = PBXBuildFile; fileRef = 80EDCE5045FFBEF4A8A7D167 /* Pods_YATodoTests.framework */; };
		EA2AB34300F5352F64FCF133 /* Pods_YATodo.framework in Frameworks */ = {isa = PBXBuildFile; fileRef = 67B713F594447AC49B02387D /* Pods_YATodo.framework */; };
/* End PBXBuildFile section */

/* Begin PBXContainerItemProxy section */
		5F36457A2062DEA500E69793 /* PBXContainerItemProxy */ = {
			isa = PBXContainerItemProxy;
			containerPortal = 5F36455D2062DEA400E69793 /* Project object */;
			proxyType = 1;
			remoteGlobalIDString = 5F3645642062DEA400E69793;
			remoteInfo = YATodo;
		};
/* End PBXContainerItemProxy section */

/* Begin PBXFileReference section */
		233ABBBE23A2C95B1D46FDF3 /* Pods-YATodoTests.debug.xcconfig */ = {isa = PBXFileReference; includeInIndex = 1; lastKnownFileType = text.xcconfig; name = "Pods-YATodoTests.debug.xcconfig"; path = "Pods/Target Support Files/Pods-YATodoTests/Pods-YATodoTests.debug.xcconfig"; sourceTree = "<group>"; };
		4B903AFFC5135A16D98A91FB /* Pods-YATodo.debug.xcconfig */ = {isa = PBXFileReference; includeInIndex = 1; lastKnownFileType = text.xcconfig; name = "Pods-YATodo.debug.xcconfig"; path = "Pods/Target Support Files/Pods-YATodo/Pods-YATodo.debug.xcconfig"; sourceTree = "<group>"; };
		5F10A4382067E9F800DB051E /* TodoListViewControllerSpec.swift */ = {isa = PBXFileReference; lastKnownFileType = sourcecode.swift; path = TodoListViewControllerSpec.swift; sourceTree = "<group>"; };
		5F10A43A2068318C00DB051E /* Device.swift */ = {isa = PBXFileReference; lastKnownFileType = sourcecode.swift; path = Device.swift; sourceTree = "<group>"; };
		5F10A43C2068F56600DB051E /* JSONs.swift */ = {isa = PBXFileReference; lastKnownFileType = sourcecode.swift; path = JSONs.swift; sourceTree = "<group>"; };
		5F180E512070A8380090B21D /* RouterSpec.swift */ = {isa = PBXFileReference; lastKnownFileType = sourcecode.swift; path = RouterSpec.swift; sourceTree = "<group>"; };
		5F3645652062DEA400E69793 /* YATodo.app */ = {isa = PBXFileReference; explicitFileType = wrapper.application; includeInIndex = 0; path = YATodo.app; sourceTree = BUILT_PRODUCTS_DIR; };
		5F3645682062DEA400E69793 /* AppDelegate.swift */ = {isa = PBXFileReference; lastKnownFileType = sourcecode.swift; path = AppDelegate.swift; sourceTree = "<group>"; };
		5F36456F2062DEA400E69793 /* Assets.xcassets */ = {isa = PBXFileReference; lastKnownFileType = folder.assetcatalog; path = Assets.xcassets; sourceTree = "<group>"; };
		5F3645722062DEA400E69793 /* Base */ = {isa = PBXFileReference; lastKnownFileType = file.storyboard; name = Base; path = Base.lproj/LaunchScreen.storyboard; sourceTree = "<group>"; };
		5F3645742062DEA400E69793 /* Info.plist */ = {isa = PBXFileReference; lastKnownFileType = text.plist.xml; path = Info.plist; sourceTree = "<group>"; };
		5F3645792062DEA500E69793 /* YATodoTests.xctest */ = {isa = PBXFileReference; explicitFileType = wrapper.cfbundle; includeInIndex = 0; path = YATodoTests.xctest; sourceTree = BUILT_PRODUCTS_DIR; };
		5F36457F2062DEA500E69793 /* Info.plist */ = {isa = PBXFileReference; lastKnownFileType = text.plist.xml; path = Info.plist; sourceTree = "<group>"; };
		5F3A09A12076325000C50906 /* ActivityIndicatorViewController.swift */ = {isa = PBXFileReference; lastKnownFileType = sourcecode.swift; path = ActivityIndicatorViewController.swift; sourceTree = "<group>"; };
		5F3A09A42076CE2200C50906 /* TodoItemViewControllerSpec.swift */ = {isa = PBXFileReference; lastKnownFileType = sourcecode.swift; path = TodoItemViewControllerSpec.swift; sourceTree = "<group>"; };
		5F4D1B0520690FDA00375DE3 /* Sync.swift */ = {isa = PBXFileReference; lastKnownFileType = sourcecode.swift; path = Sync.swift; sourceTree = "<group>"; };
		5F7D3B0A206379FC00771B33 /* TodoListCellView.swift */ = {isa = PBXFileReference; lastKnownFileType = sourcecode.swift; path = TodoListCellView.swift; sourceTree = "<group>"; };
		5F7D3B0C20637A2900771B33 /* TodoListCellView.xib */ = {isa = PBXFileReference; lastKnownFileType = file.xib; path = TodoListCellView.xib; sourceTree = "<group>"; };
		5F7D3B0E20637DBB00771B33 /* Icons.swift */ = {isa = PBXFileReference; lastKnownFileType = sourcecode.swift; path = Icons.swift; sourceTree = "<group>"; };
		5FAAF2662062FA3B007EE5D7 /* Theme.swift */ = {isa = PBXFileReference; lastKnownFileType = sourcecode.swift; path = Theme.swift; sourceTree = "<group>"; };
		5FAAF2692062FBE7007EE5D7 /* TodoListViewController.storyboard */ = {isa = PBXFileReference; lastKnownFileType = file.storyboard; path = TodoListViewController.storyboard; sourceTree = "<group>"; };
		5FAAF26B2062FC2E007EE5D7 /* TodoListViewController.swift */ = {isa = PBXFileReference; lastKnownFileType = sourcecode.swift; path = TodoListViewController.swift; sourceTree = "<group>"; };
		5FAAF26D20630E85007EE5D7 /* TodoListTitleView.xib */ = {isa = PBXFileReference; lastKnownFileType = file.xib; path = TodoListTitleView.xib; sourceTree = "<group>"; };
		5FAAF26F20630ED2007EE5D7 /* TodoListTitleView.swift */ = {isa = PBXFileReference; lastKnownFileType = sourcecode.swift; path = TodoListTitleView.swift; sourceTree = "<group>"; };
		5FAB56532070128F005A3D23 /* Router.swift */ = {isa = PBXFileReference; lastKnownFileType = sourcecode.swift; path = Router.swift; sourceTree = "<group>"; };
		5FB6E8012064566B00406388 /* TodoRepository.swift */ = {isa = PBXFileReference; lastKnownFileType = sourcecode.swift; path = TodoRepository.swift; sourceTree = "<group>"; };
		5FB6E8042064E8A200406388 /* Injector.swift */ = {isa = PBXFileReference; lastKnownFileType = sourcecode.swift; path = Injector.swift; sourceTree = "<group>"; };
		5FB6E8072064EAE400406388 /* TodoRepositorySpec.swift */ = {isa = PBXFileReference; lastKnownFileType = sourcecode.swift; path = TodoRepositorySpec.swift; sourceTree = "<group>"; };
		5FB6E8092064ED0400406388 /* DBMigrationService.swift */ = {isa = PBXFileReference; lastKnownFileType = sourcecode.swift; path = DBMigrationService.swift; sourceTree = "<group>"; };
		5FB6E80B2064F00700406388 /* main.swift */ = {isa = PBXFileReference; lastKnownFileType = sourcecode.swift; path = main.swift; sourceTree = "<group>"; };
		5FB6E80D2064F02A00406388 /* TestAppDelegate.swift */ = {isa = PBXFileReference; lastKnownFileType = sourcecode.swift; path = TestAppDelegate.swift; sourceTree = "<group>"; };
		5FB6E80F2064F0A700406388 /* jsonplaceholder-todos-success.json */ = {isa = PBXFileReference; lastKnownFileType = text.json; path = "jsonplaceholder-todos-success.json"; sourceTree = "<group>"; };
		5FB6E8132066DC6B00406388 /* DBFactory.swift */ = {isa = PBXFileReference; lastKnownFileType = sourcecode.swift; path = DBFactory.swift; sourceTree = "<group>"; };
		5FB6E8152066E32200406388 /* TodoListViewModel.swift */ = {isa = PBXFileReference; lastKnownFileType = sourcecode.swift; path = TodoListViewModel.swift; sourceTree = "<group>"; };
		5FBFC4DB2064090800FDC35D /* JsonPlaceHolderAPI.swift */ = {isa = PBXFileReference; lastKnownFileType = sourcecode.swift; path = JsonPlaceHolderAPI.swift; sourceTree = "<group>"; };
		5FBFC4DD206409D400FDC35D /* TodoNetworkService.swift */ = {isa = PBXFileReference; lastKnownFileType = sourcecode.swift; path = TodoNetworkService.swift; sourceTree = "<group>"; };
		5FBFC4E0206409E900FDC35D /* Todo.swift */ = {isa = PBXFileReference; lastKnownFileType = sourcecode.swift; path = Todo.swift; sourceTree = "<group>"; };
		5FBFC4E220642B5E00FDC35D /* TodoStorageService.swift */ = {isa = PBXFileReference; lastKnownFileType = sourcecode.swift; path = TodoStorageService.swift; sourceTree = "<group>"; };
		5FCCB4B820698C3C00719062 /* TodoItemViewController.storyboard */ = {isa = PBXFileReference; lastKnownFileType = file.storyboard; path = TodoItemViewController.storyboard; sourceTree = "<group>"; };
		5FCCB4BA206994E100719062 /* TodoItemViewController.swift */ = {isa = PBXFileReference; lastKnownFileType = sourcecode.swift; path = TodoItemViewController.swift; sourceTree = "<group>"; };
		5FCCB4BC206A082000719062 /* Storyboards.swift */ = {isa = PBXFileReference; lastKnownFileType = sourcecode.swift; path = Storyboards.swift; sourceTree = "<group>"; };
		5FCCB4BE206A099A00719062 /* TodoItemViewModel.swift */ = {isa = PBXFileReference; lastKnownFileType = sourcecode.swift; path = TodoItemViewModel.swift; sourceTree = "<group>"; };
		5FF0F9BD2071FF5F00E2B8F3 /* jsonplaceholder-get-success.json */ = {isa = PBXFileReference; lastKnownFileType = text.json; path = "jsonplaceholder-get-success.json"; sourceTree = "<group>"; };
		67B713F594447AC49B02387D /* Pods_YATodo.framework */ = {isa = PBXFileReference; explicitFileType = wrapper.framework; includeInIndex = 0; path = Pods_YATodo.framework; sourceTree = BUILT_PRODUCTS_DIR; };
		80EDCE5045FFBEF4A8A7D167 /* Pods_YATodoTests.framework */ = {isa = PBXFileReference; explicitFileType = wrapper.framework; includeInIndex = 0; path = Pods_YATodoTests.framework; sourceTree = BUILT_PRODUCTS_DIR; };
		C3A144285C97C550F5002981 /* Pods-YATodoTests.release.xcconfig */ = {isa = PBXFileReference; includeInIndex = 1; lastKnownFileType = text.xcconfig; name = "Pods-YATodoTests.release.xcconfig"; path = "Pods/Target Support Files/Pods-YATodoTests/Pods-YATodoTests.release.xcconfig"; sourceTree = "<group>"; };
		D2EFED816F08387CC6A534E3 /* Pods-YATodo.release.xcconfig */ = {isa = PBXFileReference; includeInIndex = 1; lastKnownFileType = text.xcconfig; name = "Pods-YATodo.release.xcconfig"; path = "Pods/Target Support Files/Pods-YATodo/Pods-YATodo.release.xcconfig"; sourceTree = "<group>"; };
/* End PBXFileReference section */

/* Begin PBXFrameworksBuildPhase section */
		5F3645622062DEA400E69793 /* Frameworks */ = {
			isa = PBXFrameworksBuildPhase;
			buildActionMask = 2147483647;
			files = (
				EA2AB34300F5352F64FCF133 /* Pods_YATodo.framework in Frameworks */,
			);
			runOnlyForDeploymentPostprocessing = 0;
		};
		5F3645762062DEA500E69793 /* Frameworks */ = {
			isa = PBXFrameworksBuildPhase;
			buildActionMask = 2147483647;
			files = (
				88A62A7B9D80260A796C83BD /* Pods_YATodoTests.framework in Frameworks */,
			);
			runOnlyForDeploymentPostprocessing = 0;
		};
/* End PBXFrameworksBuildPhase section */

/* Begin PBXGroup section */
		5F10A4372067E9E000DB051E /* TodoList */ = {
			isa = PBXGroup;
			children = (
				5F10A4382067E9F800DB051E /* TodoListViewControllerSpec.swift */,
			);
			path = TodoList;
			sourceTree = "<group>";
		};
		5F36455C2062DEA400E69793 = {
			isa = PBXGroup;
			children = (
				F3FC747EDA156C28698D4232 /* Frameworks */,
				A8B7662E082BA3D061A9A5B6 /* Pods */,
				5F3645662062DEA400E69793 /* Products */,
				5F3645672062DEA400E69793 /* YATodo */,
				5F36457C2062DEA500E69793 /* YATodoTests */,
			);
			sourceTree = "<group>";
		};
		5F3645662062DEA400E69793 /* Products */ = {
			isa = PBXGroup;
			children = (
				5F3645652062DEA400E69793 /* YATodo.app */,
				5F3645792062DEA500E69793 /* YATodoTests.xctest */,
			);
			name = Products;
			sourceTree = "<group>";
		};
		5F3645672062DEA400E69793 /* YATodo */ = {
			isa = PBXGroup;
			children = (
				5FB6E7FE206441D600406388 /* DB */,
				5FBFC4DF206409E000FDC35D /* Models */,
				5FBFC4DA206408E400FDC35D /* Services */,
				5FCCB4B720698C2600719062 /* TodoItem */,
				5FAAF2682062FBC0007EE5D7 /* TodoList */,
				5FAAF2652062FA31007EE5D7 /* UI */,
				5F3645682062DEA400E69793 /* AppDelegate.swift */,
				5F36456F2062DEA400E69793 /* Assets.xcassets */,
				5F3645742062DEA400E69793 /* Info.plist */,
				5F3645712062DEA400E69793 /* LaunchScreen.storyboard */,
				5FB6E80D2064F02A00406388 /* TestAppDelegate.swift */,
				5FB6E80B2064F00700406388 /* main.swift */,
			);
			path = YATodo;
			sourceTree = "<group>";
		};
		5F36457C2062DEA500E69793 /* YATodoTests */ = {
			isa = PBXGroup;
			children = (
				5FB6E8062064EACB00406388 /* Services */,
				5F3A09A32076CE0600C50906 /* TodoItem */,
				5F10A4372067E9E000DB051E /* TodoList */,
				5F10A43A2068318C00DB051E /* Device.swift */,
				5F36457F2062DEA500E69793 /* Info.plist */,
				5F10A43C2068F56600DB051E /* JSONs.swift */,
				5F4D1B0520690FDA00375DE3 /* Sync.swift */,
			);
			path = YATodoTests;
			sourceTree = "<group>";
		};
		5F3A09A32076CE0600C50906 /* TodoItem */ = {
			isa = PBXGroup;
			children = (
				5F3A09A42076CE2200C50906 /* TodoItemViewControllerSpec.swift */,
			);
			path = TodoItem;
			sourceTree = "<group>";
		};
		5FAAF2652062FA31007EE5D7 /* UI */ = {
			isa = PBXGroup;
			children = (
				5F3A09A12076325000C50906 /* ActivityIndicatorViewController.swift */,
				5F7D3B0E20637DBB00771B33 /* Icons.swift */,
				5FCCB4BC206A082000719062 /* Storyboards.swift */,
				5FAAF2662062FA3B007EE5D7 /* Theme.swift */,
			);
			path = UI;
			sourceTree = "<group>";
		};
		5FAAF2682062FBC0007EE5D7 /* TodoList */ = {
			isa = PBXGroup;
			children = (
				5F7D3B0A206379FC00771B33 /* TodoListCellView.swift */,
				5F7D3B0C20637A2900771B33 /* TodoListCellView.xib */,
				5FAAF26F20630ED2007EE5D7 /* TodoListTitleView.swift */,
				5FAAF26D20630E85007EE5D7 /* TodoListTitleView.xib */,
				5FAAF2692062FBE7007EE5D7 /* TodoListViewController.storyboard */,
				5FAAF26B2062FC2E007EE5D7 /* TodoListViewController.swift */,
				5FB6E8152066E32200406388 /* TodoListViewModel.swift */,
			);
			path = TodoList;
			sourceTree = "<group>";
		};
		5FB6E7FE206441D600406388 /* DB */ = {
			isa = PBXGroup;
			children = (
				5FB6E8132066DC6B00406388 /* DBFactory.swift */,
				5FB6E8092064ED0400406388 /* DBMigrationService.swift */,
			);
			path = DB;
			sourceTree = "<group>";
		};
		5FB6E8062064EACB00406388 /* Services */ = {
			isa = PBXGroup;
			children = (
				5F180E512070A8380090B21D /* RouterSpec.swift */,
				5FB6E8072064EAE400406388 /* TodoRepositorySpec.swift */,
				5FF0F9BD2071FF5F00E2B8F3 /* jsonplaceholder-get-success.json */,
				5FB6E80F2064F0A700406388 /* jsonplaceholder-todos-success.json */,
			);
			path = Services;
			sourceTree = "<group>";
		};
		5FBFC4DA206408E400FDC35D /* Services */ = {
			isa = PBXGroup;
			children = (
				5FB6E8042064E8A200406388 /* Injector.swift */,
				5FBFC4DB2064090800FDC35D /* JsonPlaceHolderAPI.swift */,
				5FAB56532070128F005A3D23 /* Router.swift */,
				5FBFC4DD206409D400FDC35D /* TodoNetworkService.swift */,
				5FB6E8012064566B00406388 /* TodoRepository.swift */,
				5FBFC4E220642B5E00FDC35D /* TodoStorageService.swift */,
			);
			path = Services;
			sourceTree = "<group>";
		};
		5FBFC4DF206409E000FDC35D /* Models */ = {
			isa = PBXGroup;
			children = (
				5FBFC4E0206409E900FDC35D /* Todo.swift */,
			);
			path = Models;
			sourceTree = "<group>";
		};
		5FCCB4B720698C2600719062 /* TodoItem */ = {
			isa = PBXGroup;
			children = (
				5FCCB4B820698C3C00719062 /* TodoItemViewController.storyboard */,
				5FCCB4BA206994E100719062 /* TodoItemViewController.swift */,
				5FCCB4BE206A099A00719062 /* TodoItemViewModel.swift */,
			);
			path = TodoItem;
			sourceTree = "<group>";
		};
		A8B7662E082BA3D061A9A5B6 /* Pods */ = {
			isa = PBXGroup;
			children = (
				4B903AFFC5135A16D98A91FB /* Pods-YATodo.debug.xcconfig */,
				D2EFED816F08387CC6A534E3 /* Pods-YATodo.release.xcconfig */,
				233ABBBE23A2C95B1D46FDF3 /* Pods-YATodoTests.debug.xcconfig */,
				C3A144285C97C550F5002981 /* Pods-YATodoTests.release.xcconfig */,
			);
			name = Pods;
			sourceTree = "<group>";
		};
		F3FC747EDA156C28698D4232 /* Frameworks */ = {
			isa = PBXGroup;
			children = (
				67B713F594447AC49B02387D /* Pods_YATodo.framework */,
				80EDCE5045FFBEF4A8A7D167 /* Pods_YATodoTests.framework */,
			);
			name = Frameworks;
			sourceTree = "<group>";
		};
/* End PBXGroup section */

/* Begin PBXNativeTarget section */
		5F3645642062DEA400E69793 /* YATodo */ = {
			isa = PBXNativeTarget;
			buildConfigurationList = 5F3645822062DEA500E69793 /* Build configuration list for PBXNativeTarget "YATodo" */;
			buildPhases = (
				7675E0000B89F60749A84390 /* [CP] Check Pods Manifest.lock */,
				5F3645612062DEA400E69793 /* Sources */,
				5F3645622062DEA400E69793 /* Frameworks */,
				5F3645632062DEA400E69793 /* Resources */,
				6046BD7A85828F44751AC079 /* [CP] Embed Pods Frameworks */,
			);
			buildRules = (
			);
			dependencies = (
			);
			name = YATodo;
			productName = YATodo;
			productReference = 5F3645652062DEA400E69793 /* YATodo.app */;
			productType = "com.apple.product-type.application";
		};
		5F3645782062DEA500E69793 /* YATodoTests */ = {
			isa = PBXNativeTarget;
			buildConfigurationList = 5F3645852062DEA500E69793 /* Build configuration list for PBXNativeTarget "YATodoTests" */;
			buildPhases = (
				88E1024FFAF5706459395FCA /* [CP] Check Pods Manifest.lock */,
				5F3645752062DEA500E69793 /* Sources */,
				5F3645762062DEA500E69793 /* Frameworks */,
				5F3645772062DEA500E69793 /* Resources */,
				BBCC927EDF989297C8E1F2FC /* [CP] Embed Pods Frameworks */,
			);
			buildRules = (
			);
			dependencies = (
				5F36457B2062DEA500E69793 /* PBXTargetDependency */,
			);
			name = YATodoTests;
			productName = YATodoTests;
			productReference = 5F3645792062DEA500E69793 /* YATodoTests.xctest */;
			productType = "com.apple.product-type.bundle.unit-test";
		};
/* End PBXNativeTarget section */

/* Begin PBXProject section */
		5F36455D2062DEA400E69793 /* Project object */ = {
			isa = PBXProject;
			attributes = {
				LastSwiftUpdateCheck = 0920;
				LastUpgradeCheck = 0920;
				ORGANIZATIONNAME = "Roi Sagiv";
				TargetAttributes = {
					5F3645642062DEA400E69793 = {
						CreatedOnToolsVersion = 9.2;
						ProvisioningStyle = Automatic;
					};
					5F3645782062DEA500E69793 = {
						CreatedOnToolsVersion = 9.2;
						ProvisioningStyle = Automatic;
						TestTargetID = 5F3645642062DEA400E69793;
					};
				};
			};
			buildConfigurationList = 5F3645602062DEA400E69793 /* Build configuration list for PBXProject "YATodo" */;
			compatibilityVersion = "Xcode 8.0";
			developmentRegion = en;
			hasScannedForEncodings = 0;
			knownRegions = (
				en,
				Base,
			);
			mainGroup = 5F36455C2062DEA400E69793;
			productRefGroup = 5F3645662062DEA400E69793 /* Products */;
			projectDirPath = "";
			projectRoot = "";
			targets = (
				5F3645642062DEA400E69793 /* YATodo */,
				5F3645782062DEA500E69793 /* YATodoTests */,
			);
		};
/* End PBXProject section */

/* Begin PBXResourcesBuildPhase section */
		5F3645632062DEA400E69793 /* Resources */ = {
			isa = PBXResourcesBuildPhase;
			buildActionMask = 2147483647;
			files = (
				5FCCB4B920698C3C00719062 /* TodoItemViewController.storyboard in Resources */,
				5F3645732062DEA400E69793 /* LaunchScreen.storyboard in Resources */,
				5F7D3B0D20637A2900771B33 /* TodoListCellView.xib in Resources */,
				5F3645702062DEA400E69793 /* Assets.xcassets in Resources */,
				5FAAF26A2062FBE7007EE5D7 /* TodoListViewController.storyboard in Resources */,
				5FAAF26E20630E85007EE5D7 /* TodoListTitleView.xib in Resources */,
			);
			runOnlyForDeploymentPostprocessing = 0;
		};
		5F3645772062DEA500E69793 /* Resources */ = {
			isa = PBXResourcesBuildPhase;
			buildActionMask = 2147483647;
			files = (
				5FF0F9BE2071FF5F00E2B8F3 /* jsonplaceholder-get-success.json in Resources */,
				5FB6E8102064F0A700406388 /* jsonplaceholder-todos-success.json in Resources */,
			);
			runOnlyForDeploymentPostprocessing = 0;
		};
/* End PBXResourcesBuildPhase section */

/* Begin PBXShellScriptBuildPhase section */
		6046BD7A85828F44751AC079 /* [CP] Embed Pods Frameworks */ = {
			isa = PBXShellScriptBuildPhase;
			buildActionMask = 2147483647;
			files = (
			);
			inputPaths = (
				"${SRCROOT}/Pods/Target Support Files/Pods-YATodo/Pods-YATodo-frameworks.sh",
				"${BUILT_PRODUCTS_DIR}/Alamofire/Alamofire.framework",
				"${BUILT_PRODUCTS_DIR}/GRDB.swift/GRDB.framework",
				"${BUILT_PRODUCTS_DIR}/Hue/Hue.framework",
				"${BUILT_PRODUCTS_DIR}/MDFInternationalization/MDFInternationalization.framework",
				"${BUILT_PRODUCTS_DIR}/MDFTextAccessibility/MDFTextAccessibility.framework",
				"${BUILT_PRODUCTS_DIR}/MaterialComponents/MaterialComponents.framework",
				"${BUILT_PRODUCTS_DIR}/MaterialDesignSymbol/MaterialDesignSymbol.framework",
				"${BUILT_PRODUCTS_DIR}/MotionAnimator/MotionAnimator.framework",
				"${BUILT_PRODUCTS_DIR}/MotionInterchange/MotionInterchange.framework",
				"${BUILT_PRODUCTS_DIR}/Moya/Moya.framework",
				"${BUILT_PRODUCTS_DIR}/Result/Result.framework",
				"${BUILT_PRODUCTS_DIR}/Reusable/Reusable.framework",
				"${BUILT_PRODUCTS_DIR}/RxCocoa/RxCocoa.framework",
				"${BUILT_PRODUCTS_DIR}/RxGRDB/RxGRDB.framework",
				"${BUILT_PRODUCTS_DIR}/RxSwift/RxSwift.framework",
				"${BUILT_PRODUCTS_DIR}/Swinject/Swinject.framework",
				"${BUILT_PRODUCTS_DIR}/URLPatterns/URLPatterns.framework",
			);
			name = "[CP] Embed Pods Frameworks";
			outputPaths = (
				"${TARGET_BUILD_DIR}/${FRAMEWORKS_FOLDER_PATH}/Alamofire.framework",
				"${TARGET_BUILD_DIR}/${FRAMEWORKS_FOLDER_PATH}/GRDB.framework",
				"${TARGET_BUILD_DIR}/${FRAMEWORKS_FOLDER_PATH}/Hue.framework",
				"${TARGET_BUILD_DIR}/${FRAMEWORKS_FOLDER_PATH}/MDFInternationalization.framework",
				"${TARGET_BUILD_DIR}/${FRAMEWORKS_FOLDER_PATH}/MDFTextAccessibility.framework",
				"${TARGET_BUILD_DIR}/${FRAMEWORKS_FOLDER_PATH}/MaterialComponents.framework",
				"${TARGET_BUILD_DIR}/${FRAMEWORKS_FOLDER_PATH}/MaterialDesignSymbol.framework",
				"${TARGET_BUILD_DIR}/${FRAMEWORKS_FOLDER_PATH}/MotionAnimator.framework",
				"${TARGET_BUILD_DIR}/${FRAMEWORKS_FOLDER_PATH}/MotionInterchange.framework",
				"${TARGET_BUILD_DIR}/${FRAMEWORKS_FOLDER_PATH}/Moya.framework",
				"${TARGET_BUILD_DIR}/${FRAMEWORKS_FOLDER_PATH}/Result.framework",
				"${TARGET_BUILD_DIR}/${FRAMEWORKS_FOLDER_PATH}/Reusable.framework",
				"${TARGET_BUILD_DIR}/${FRAMEWORKS_FOLDER_PATH}/RxCocoa.framework",
				"${TARGET_BUILD_DIR}/${FRAMEWORKS_FOLDER_PATH}/RxGRDB.framework",
				"${TARGET_BUILD_DIR}/${FRAMEWORKS_FOLDER_PATH}/RxSwift.framework",
				"${TARGET_BUILD_DIR}/${FRAMEWORKS_FOLDER_PATH}/Swinject.framework",
				"${TARGET_BUILD_DIR}/${FRAMEWORKS_FOLDER_PATH}/URLPatterns.framework",
			);
			runOnlyForDeploymentPostprocessing = 0;
			shellPath = /bin/sh;
			shellScript = "\"${SRCROOT}/Pods/Target Support Files/Pods-YATodo/Pods-YATodo-frameworks.sh\"\n";
			showEnvVarsInLog = 0;
		};
		7675E0000B89F60749A84390 /* [CP] Check Pods Manifest.lock */ = {
			isa = PBXShellScriptBuildPhase;
			buildActionMask = 2147483647;
			files = (
			);
			inputPaths = (
				"${PODS_PODFILE_DIR_PATH}/Podfile.lock",
				"${PODS_ROOT}/Manifest.lock",
			);
			name = "[CP] Check Pods Manifest.lock";
			outputPaths = (
				"$(DERIVED_FILE_DIR)/Pods-YATodo-checkManifestLockResult.txt",
			);
			runOnlyForDeploymentPostprocessing = 0;
			shellPath = /bin/sh;
			shellScript = "diff \"${PODS_PODFILE_DIR_PATH}/Podfile.lock\" \"${PODS_ROOT}/Manifest.lock\" > /dev/null\nif [ $? != 0 ] ; then\n    # print error to STDERR\n    echo \"error: The sandbox is not in sync with the Podfile.lock. Run 'pod install' or update your CocoaPods installation.\" >&2\n    exit 1\nfi\n# This output is used by Xcode 'outputs' to avoid re-running this script phase.\necho \"SUCCESS\" > \"${SCRIPT_OUTPUT_FILE_0}\"\n";
			showEnvVarsInLog = 0;
		};
		88E1024FFAF5706459395FCA /* [CP] Check Pods Manifest.lock */ = {
			isa = PBXShellScriptBuildPhase;
			buildActionMask = 2147483647;
			files = (
			);
			inputPaths = (
				"${PODS_PODFILE_DIR_PATH}/Podfile.lock",
				"${PODS_ROOT}/Manifest.lock",
			);
			name = "[CP] Check Pods Manifest.lock";
			outputPaths = (
				"$(DERIVED_FILE_DIR)/Pods-YATodoTests-checkManifestLockResult.txt",
			);
			runOnlyForDeploymentPostprocessing = 0;
			shellPath = /bin/sh;
			shellScript = "diff \"${PODS_PODFILE_DIR_PATH}/Podfile.lock\" \"${PODS_ROOT}/Manifest.lock\" > /dev/null\nif [ $? != 0 ] ; then\n    # print error to STDERR\n    echo \"error: The sandbox is not in sync with the Podfile.lock. Run 'pod install' or update your CocoaPods installation.\" >&2\n    exit 1\nfi\n# This output is used by Xcode 'outputs' to avoid re-running this script phase.\necho \"SUCCESS\" > \"${SCRIPT_OUTPUT_FILE_0}\"\n";
			showEnvVarsInLog = 0;
		};
		BBCC927EDF989297C8E1F2FC /* [CP] Embed Pods Frameworks */ = {
			isa = PBXShellScriptBuildPhase;
			buildActionMask = 2147483647;
			files = (
			);
			inputPaths = (
				"${SRCROOT}/Pods/Target Support Files/Pods-YATodoTests/Pods-YATodoTests-frameworks.sh",
				"${BUILT_PRODUCTS_DIR}/RxSwift/RxSwift.framework",
				"${BUILT_PRODUCTS_DIR}/Nimble/Nimble.framework",
				"${BUILT_PRODUCTS_DIR}/Nimble-Snapshots/Nimble_Snapshots.framework",
				"${BUILT_PRODUCTS_DIR}/OHHTTPStubs/OHHTTPStubs.framework",
				"${BUILT_PRODUCTS_DIR}/Quick/Quick.framework",
				"${BUILT_PRODUCTS_DIR}/RxBlocking/RxBlocking.framework",
				"${BUILT_PRODUCTS_DIR}/iOSSnapshotTestCase/FBSnapshotTestCase.framework",
			);
			name = "[CP] Embed Pods Frameworks";
			outputPaths = (
				"${TARGET_BUILD_DIR}/${FRAMEWORKS_FOLDER_PATH}/RxSwift.framework",
				"${TARGET_BUILD_DIR}/${FRAMEWORKS_FOLDER_PATH}/Nimble.framework",
				"${TARGET_BUILD_DIR}/${FRAMEWORKS_FOLDER_PATH}/Nimble_Snapshots.framework",
				"${TARGET_BUILD_DIR}/${FRAMEWORKS_FOLDER_PATH}/OHHTTPStubs.framework",
				"${TARGET_BUILD_DIR}/${FRAMEWORKS_FOLDER_PATH}/Quick.framework",
				"${TARGET_BUILD_DIR}/${FRAMEWORKS_FOLDER_PATH}/RxBlocking.framework",
				"${TARGET_BUILD_DIR}/${FRAMEWORKS_FOLDER_PATH}/FBSnapshotTestCase.framework",
			);
			runOnlyForDeploymentPostprocessing = 0;
			shellPath = /bin/sh;
			shellScript = "\"${SRCROOT}/Pods/Target Support Files/Pods-YATodoTests/Pods-YATodoTests-frameworks.sh\"\n";
			showEnvVarsInLog = 0;
		};
/* End PBXShellScriptBuildPhase section */

/* Begin PBXSourcesBuildPhase section */
		5F3645612062DEA400E69793 /* Sources */ = {
			isa = PBXSourcesBuildPhase;
			buildActionMask = 2147483647;
			files = (
				5FAAF26C2062FC2E007EE5D7 /* TodoListViewController.swift in Sources */,
				5FB6E80A2064ED0400406388 /* DBMigrationService.swift in Sources */,
				5FAAF2672062FA3B007EE5D7 /* Theme.swift in Sources */,
				5F3A09A22076325000C50906 /* ActivityIndicatorViewController.swift in Sources */,
				5FCCB4BF206A099A00719062 /* TodoItemViewModel.swift in Sources */,
				5FB6E8162066E32200406388 /* TodoListViewModel.swift in Sources */,
				5F7D3B0F20637DBB00771B33 /* Icons.swift in Sources */,
				5FB6E8052064E8A200406388 /* Injector.swift in Sources */,
				5FBFC4E320642B5E00FDC35D /* TodoStorageService.swift in Sources */,
				5FCCB4BD206A082000719062 /* Storyboards.swift in Sources */,
				5FB6E8022064566B00406388 /* TodoRepository.swift in Sources */,
				5FAB56542070128F005A3D23 /* Router.swift in Sources */,
				5F7D3B0B206379FC00771B33 /* TodoListCellView.swift in Sources */,
				5FB6E8142066DC6B00406388 /* DBFactory.swift in Sources */,
				5FB6E80C2064F00700406388 /* main.swift in Sources */,
				5FBFC4DE206409D400FDC35D /* TodoNetworkService.swift in Sources */,
				5FBFC4E1206409E900FDC35D /* Todo.swift in Sources */,
				5FB6E80E2064F02A00406388 /* TestAppDelegate.swift in Sources */,
				5FAAF27020630ED2007EE5D7 /* TodoListTitleView.swift in Sources */,
				5FCCB4BB206994E100719062 /* TodoItemViewController.swift in Sources */,
				5F3645692062DEA400E69793 /* AppDelegate.swift in Sources */,
				5FBFC4DC2064090800FDC35D /* JsonPlaceHolderAPI.swift in Sources */,
			);
			runOnlyForDeploymentPostprocessing = 0;
		};
		5F3645752062DEA500E69793 /* Sources */ = {
			isa = PBXSourcesBuildPhase;
			buildActionMask = 2147483647;
			files = (
				5F4D1B0620690FDA00375DE3 /* Sync.swift in Sources */,
				5F10A4392067E9F800DB051E /* TodoListViewControllerSpec.swift in Sources */,
				5FB6E8082064EAE400406388 /* TodoRepositorySpec.swift in Sources */,
				5F180E522070A8380090B21D /* RouterSpec.swift in Sources */,
				5F10A43B2068318C00DB051E /* Device.swift in Sources */,
				5F10A43D2068F56600DB051E /* JSONs.swift in Sources */,
				5F3A09A52076CE2200C50906 /* TodoItemViewControllerSpec.swift in Sources */,
			);
			runOnlyForDeploymentPostprocessing = 0;
		};
/* End PBXSourcesBuildPhase section */

/* Begin PBXTargetDependency section */
		5F36457B2062DEA500E69793 /* PBXTargetDependency */ = {
			isa = PBXTargetDependency;
			target = 5F3645642062DEA400E69793 /* YATodo */;
			targetProxy = 5F36457A2062DEA500E69793 /* PBXContainerItemProxy */;
		};
/* End PBXTargetDependency section */

/* Begin PBXVariantGroup section */
		5F3645712062DEA400E69793 /* LaunchScreen.storyboard */ = {
			isa = PBXVariantGroup;
			children = (
				5F3645722062DEA400E69793 /* Base */,
			);
			name = LaunchScreen.storyboard;
			path = .;
			sourceTree = "<group>";
		};
/* End PBXVariantGroup section */

/* Begin XCBuildConfiguration section */
		5F3645802062DEA500E69793 /* Debug */ = {
			isa = XCBuildConfiguration;
			buildSettings = {
				ALWAYS_SEARCH_USER_PATHS = NO;
				CLANG_ANALYZER_NONNULL = YES;
				CLANG_ANALYZER_NUMBER_OBJECT_CONVERSION = YES_AGGRESSIVE;
				CLANG_CXX_LANGUAGE_STANDARD = "gnu++14";
				CLANG_CXX_LIBRARY = "libc++";
				CLANG_ENABLE_MODULES = YES;
				CLANG_ENABLE_OBJC_ARC = YES;
				CLANG_WARN_BLOCK_CAPTURE_AUTORELEASING = YES;
				CLANG_WARN_BOOL_CONVERSION = YES;
				CLANG_WARN_COMMA = YES;
				CLANG_WARN_CONSTANT_CONVERSION = YES;
				CLANG_WARN_DIRECT_OBJC_ISA_USAGE = YES_ERROR;
				CLANG_WARN_DOCUMENTATION_COMMENTS = YES;
				CLANG_WARN_EMPTY_BODY = YES;
				CLANG_WARN_ENUM_CONVERSION = YES;
				CLANG_WARN_INFINITE_RECURSION = YES;
				CLANG_WARN_INT_CONVERSION = YES;
				CLANG_WARN_NON_LITERAL_NULL_CONVERSION = YES;
				CLANG_WARN_OBJC_LITERAL_CONVERSION = YES;
				CLANG_WARN_OBJC_ROOT_CLASS = YES_ERROR;
				CLANG_WARN_RANGE_LOOP_ANALYSIS = YES;
				CLANG_WARN_STRICT_PROTOTYPES = YES;
				CLANG_WARN_SUSPICIOUS_MOVE = YES;
				CLANG_WARN_UNGUARDED_AVAILABILITY = YES_AGGRESSIVE;
				CLANG_WARN_UNREACHABLE_CODE = YES;
				CLANG_WARN__DUPLICATE_METHOD_MATCH = YES;
				CODE_SIGN_IDENTITY = "iPhone Developer";
				COPY_PHASE_STRIP = NO;
				DEBUG_INFORMATION_FORMAT = dwarf;
				ENABLE_STRICT_OBJC_MSGSEND = YES;
				ENABLE_TESTABILITY = YES;
				GCC_C_LANGUAGE_STANDARD = gnu11;
				GCC_DYNAMIC_NO_PIC = NO;
				GCC_NO_COMMON_BLOCKS = YES;
				GCC_OPTIMIZATION_LEVEL = 0;
				GCC_PREPROCESSOR_DEFINITIONS = (
					"DEBUG=1",
					"$(inherited)",
				);
				GCC_WARN_64_TO_32_BIT_CONVERSION = YES;
				GCC_WARN_ABOUT_RETURN_TYPE = YES_ERROR;
				GCC_WARN_UNDECLARED_SELECTOR = YES;
				GCC_WARN_UNINITIALIZED_AUTOS = YES_AGGRESSIVE;
				GCC_WARN_UNUSED_FUNCTION = YES;
				GCC_WARN_UNUSED_VARIABLE = YES;
				IPHONEOS_DEPLOYMENT_TARGET = 11.2;
				MTL_ENABLE_DEBUG_INFO = YES;
				ONLY_ACTIVE_ARCH = YES;
				SDKROOT = iphoneos;
				SWIFT_ACTIVE_COMPILATION_CONDITIONS = DEBUG;
				SWIFT_OPTIMIZATION_LEVEL = "-Onone";
			};
			name = Debug;
		};
		5F3645812062DEA500E69793 /* Release */ = {
			isa = XCBuildConfiguration;
			buildSettings = {
				ALWAYS_SEARCH_USER_PATHS = NO;
				CLANG_ANALYZER_NONNULL = YES;
				CLANG_ANALYZER_NUMBER_OBJECT_CONVERSION = YES_AGGRESSIVE;
				CLANG_CXX_LANGUAGE_STANDARD = "gnu++14";
				CLANG_CXX_LIBRARY = "libc++";
				CLANG_ENABLE_MODULES = YES;
				CLANG_ENABLE_OBJC_ARC = YES;
				CLANG_WARN_BLOCK_CAPTURE_AUTORELEASING = YES;
				CLANG_WARN_BOOL_CONVERSION = YES;
				CLANG_WARN_COMMA = YES;
				CLANG_WARN_CONSTANT_CONVERSION = YES;
				CLANG_WARN_DIRECT_OBJC_ISA_USAGE = YES_ERROR;
				CLANG_WARN_DOCUMENTATION_COMMENTS = YES;
				CLANG_WARN_EMPTY_BODY = YES;
				CLANG_WARN_ENUM_CONVERSION = YES;
				CLANG_WARN_INFINITE_RECURSION = YES;
				CLANG_WARN_INT_CONVERSION = YES;
				CLANG_WARN_NON_LITERAL_NULL_CONVERSION = YES;
				CLANG_WARN_OBJC_LITERAL_CONVERSION = YES;
				CLANG_WARN_OBJC_ROOT_CLASS = YES_ERROR;
				CLANG_WARN_RANGE_LOOP_ANALYSIS = YES;
				CLANG_WARN_STRICT_PROTOTYPES = YES;
				CLANG_WARN_SUSPICIOUS_MOVE = YES;
				CLANG_WARN_UNGUARDED_AVAILABILITY = YES_AGGRESSIVE;
				CLANG_WARN_UNREACHABLE_CODE = YES;
				CLANG_WARN__DUPLICATE_METHOD_MATCH = YES;
				CODE_SIGN_IDENTITY = "iPhone Developer";
				COPY_PHASE_STRIP = NO;
				DEBUG_INFORMATION_FORMAT = "dwarf-with-dsym";
				ENABLE_NS_ASSERTIONS = NO;
				ENABLE_STRICT_OBJC_MSGSEND = YES;
				GCC_C_LANGUAGE_STANDARD = gnu11;
				GCC_NO_COMMON_BLOCKS = YES;
				GCC_WARN_64_TO_32_BIT_CONVERSION = YES;
				GCC_WARN_ABOUT_RETURN_TYPE = YES_ERROR;
				GCC_WARN_UNDECLARED_SELECTOR = YES;
				GCC_WARN_UNINITIALIZED_AUTOS = YES_AGGRESSIVE;
				GCC_WARN_UNUSED_FUNCTION = YES;
				GCC_WARN_UNUSED_VARIABLE = YES;
				IPHONEOS_DEPLOYMENT_TARGET = 11.2;
				MTL_ENABLE_DEBUG_INFO = NO;
				SDKROOT = iphoneos;
				SWIFT_OPTIMIZATION_LEVEL = "-Owholemodule";
				VALIDATE_PRODUCT = YES;
			};
			name = Release;
		};
		5F3645832062DEA500E69793 /* Debug */ = {
			isa = XCBuildConfiguration;
			baseConfigurationReference = 4B903AFFC5135A16D98A91FB /* Pods-YATodo.debug.xcconfig */;
			buildSettings = {
				ASSETCATALOG_COMPILER_APPICON_NAME = AppIcon;
				CODE_SIGN_STYLE = Automatic;
				DEVELOPMENT_TEAM = NG236BMM5W;
				INFOPLIST_FILE = YATodo/Info.plist;
				LD_RUNPATH_SEARCH_PATHS = "$(inherited) @executable_path/Frameworks";
				PRODUCT_BUNDLE_IDENTIFIER = io.github.roisagiv.YATodo;
				PRODUCT_NAME = "$(TARGET_NAME)";
				TARGETED_DEVICE_FAMILY = "1,2";
			};
			name = Debug;
		};
		5F3645842062DEA500E69793 /* Release */ = {
			isa = XCBuildConfiguration;
			baseConfigurationReference = D2EFED816F08387CC6A534E3 /* Pods-YATodo.release.xcconfig */;
			buildSettings = {
				ASSETCATALOG_COMPILER_APPICON_NAME = AppIcon;
				CODE_SIGN_STYLE = Automatic;
				DEVELOPMENT_TEAM = NG236BMM5W;
				INFOPLIST_FILE = YATodo/Info.plist;
				LD_RUNPATH_SEARCH_PATHS = "$(inherited) @executable_path/Frameworks";
				PRODUCT_BUNDLE_IDENTIFIER = io.github.roisagiv.YATodo;
				PRODUCT_NAME = "$(TARGET_NAME)";
				TARGETED_DEVICE_FAMILY = "1,2";
			};
			name = Release;
		};
		5F3645862062DEA500E69793 /* Debug */ = {
			isa = XCBuildConfiguration;
			baseConfigurationReference = 233ABBBE23A2C95B1D46FDF3 /* Pods-YATodoTests.debug.xcconfig */;
			buildSettings = {
				BUNDLE_LOADER = "$(TEST_HOST)";
				CODE_SIGN_STYLE = Automatic;
				DEVELOPMENT_TEAM = NG236BMM5W;
				INFOPLIST_FILE = YATodoTests/Info.plist;
				LD_RUNPATH_SEARCH_PATHS = "$(inherited) @executable_path/Frameworks @loader_path/Frameworks";
				PRODUCT_BUNDLE_IDENTIFIER = io.github.roisagiv.YATodoTests;
				PRODUCT_NAME = "$(TARGET_NAME)";
				SWIFT_VERSION = 4.0;
				TARGETED_DEVICE_FAMILY = "1,2";
				TEST_HOST = "$(BUILT_PRODUCTS_DIR)/YATodo.app/YATodo";
			};
			name = Debug;
		};
		5F3645872062DEA500E69793 /* Release */ = {
			isa = XCBuildConfiguration;
			baseConfigurationReference = C3A144285C97C550F5002981 /* Pods-YATodoTests.release.xcconfig */;
			buildSettings = {
				BUNDLE_LOADER = "$(TEST_HOST)";
				CODE_SIGN_STYLE = Automatic;
				DEVELOPMENT_TEAM = NG236BMM5W;
				INFOPLIST_FILE = YATodoTests/Info.plist;
				LD_RUNPATH_SEARCH_PATHS = "$(inherited) @executable_path/Frameworks @loader_path/Frameworks";
				PRODUCT_BUNDLE_IDENTIFIER = io.github.roisagiv.YATodoTests;
				PRODUCT_NAME = "$(TARGET_NAME)";
				SWIFT_VERSION = 4.0;
				TARGETED_DEVICE_FAMILY = "1,2";
				TEST_HOST = "$(BUILT_PRODUCTS_DIR)/YATodo.app/YATodo";
			};
			name = Release;
		};
/* End XCBuildConfiguration section */

/* Begin XCConfigurationList section */
		5F3645602062DEA400E69793 /* Build configuration list for PBXProject "YATodo" */ = {
			isa = XCConfigurationList;
			buildConfigurations = (
				5F3645802062DEA500E69793 /* Debug */,
				5F3645812062DEA500E69793 /* Release */,
			);
			defaultConfigurationIsVisible = 0;
			defaultConfigurationName = Release;
		};
		5F3645822062DEA500E69793 /* Build configuration list for PBXNativeTarget "YATodo" */ = {
			isa = XCConfigurationList;
			buildConfigurations = (
				5F3645832062DEA500E69793 /* Debug */,
				5F3645842062DEA500E69793 /* Release */,
			);
			defaultConfigurationIsVisible = 0;
			defaultConfigurationName = Release;
		};
		5F3645852062DEA500E69793 /* Build configuration list for PBXNativeTarget "YATodoTests" */ = {
			isa = XCConfigurationList;
			buildConfigurations = (
				5F3645862062DEA500E69793 /* Debug */,
				5F3645872062DEA500E69793 /* Release */,
			);
			defaultConfigurationIsVisible = 0;
			defaultConfigurationName = Release;
		};
/* End XCConfigurationList section */
	};
	rootObject = 5F36455D2062DEA400E69793 /* Project object */;
}
